
Microsoft Visual Studio Solution File, Format Version 12.00
# Visual Studio Version 17
VisualStudioVersion = 17.9.34622.214
MinimumVisualStudioVersion = 10.0.40219.1
Project("{9A19103F-16F7-4668-BE54-9A1E7A4F7556}") = "Hospital", "Hospital\Hospital.csproj", "{8328753D-3E7F-45DD-9E9E-EAFDF9FE655F}"
EndProject
Project("{E53339B2-1760-4266-BCC7-CA923CBCF16C}") = "docker-compose", "docker-compose.dcproj", "{C49B1DF6-765B-46AC-8AB0-21FC5803581A}"
EndProject
Global
	GlobalSection(SolutionConfigurationPlatforms) = preSolution
		Debug|Any CPU = Debug|Any CPU
		Release|Any CPU = Release|Any CPU
	EndGlobalSection
	GlobalSection(ProjectConfigurationPlatforms) = postSolution
		{8328753D-3E7F-45DD-9E9E-EAFDF9FE655F}.Debug|Any CPU.ActiveCfg = Debug|Any CPU
		{8328753D-3E7F-45DD-9E9E-EAFDF9FE655F}.Debug|Any CPU.Build.0 = Debug|Any CPU
		{8328753D-3E7F-45DD-9E9E-EAFDF9FE655F}.Release|Any CPU.ActiveCfg = Release|Any CPU
		{8328753D-3E7F-45DD-9E9E-EAFDF9FE655F}.Release|Any CPU.Build.0 = Release|Any CPU
		{C49B1DF6-765B-46AC-8AB0-21FC5803581A}.Debug|Any CPU.ActiveCfg = Debug|Any CPU
		{C49B1DF6-765B-46AC-8AB0-21FC5803581A}.Debug|Any CPU.Build.0 = Debug|Any CPU
		{C49B1DF6-765B-46AC-8AB0-21FC5803581A}.Release|Any CPU.ActiveCfg = Release|Any CPU
		{C49B1DF6-765B-46AC-8AB0-21FC5803581A}.Release|Any CPU.Build.0 = Release|Any CPU
	EndGlobalSection
	GlobalSection(SolutionProperties) = preSolution
		HideSolutionNode = FALSE
	EndGlobalSection
	GlobalSection(ExtensibilityGlobals) = postSolution
		SolutionGuid = {6C22A69D-97D4-4D99-BE7F-BB334B65F879}
	EndGlobalSection
EndGlobal
